{
  "name": "task-1",
  "version": "1.0.0",
  "lockfileVersion": 1,
  "requires": true,
  "dependencies": {
    "@ibm/plex": {
      "version": "1.0.1",
      "resolved": "https://registry.npmjs.org/@ibm/plex/-/plex-1.0.1.tgz",
      "integrity": "sha512-6xzQMz3DUoNeWpmTZORC/fpLD9h3MUQQLeUmItPJAZKy4l3XI68fG6kPdEevrq6PnHEPkvZo558JDZuwch2X4w=="
    },
    "normalize.css": {
      "version": "8.0.0",
      "resolved": "https://registry.npmjs.org/normalize.css/-/normalize.css-8.0.0.tgz",
      "integrity": "sha512-iXcbM3NWr0XkNyfiSBsoPezi+0V92P9nj84yVV1/UZxRUrGczgX/X91KMAGM0omWLY2+2Q1gKD/XRn4gQRDB2A=="
    },
    "pesticide": {
      "version": "1.3.1",
      "resolved": "https://registry.npmjs.org/pesticide/-/pesticide-1.3.1.tgz",
      "integrity": "sha1-qXjI2M1rNN4HAZIGr9KzaKcJINs=",
      "dev": true
    }
  }
}
